
Microsoft Visual Studio Solution File, Format Version 12.00
# Visual Studio 14
VisualStudioVersion = 14.0.23107.0
MinimumVisualStudioVersion = 10.0.40219.1
Project("{FAE04EC0-301F-11D3-BF4B-00C04F79EFBC}") = "DatabaseMigrations", "DatabaseMigrations\DatabaseMigrations.csproj", "{C0375221-1B74-47FE-A0C3-738E8210B4B8}"
EndProject
Project("{FAE04EC0-301F-11D3-BF4B-00C04F79EFBC}") = "WebApp", "WebApp\WebApp.csproj", "{259FA43C-17DE-4FEB-B0C7-F107B2EA67C9}"
EndProject
Project("{FAE04EC0-301F-11D3-BF4B-00C04F79EFBC}") = "Domain", "Domain\Domain.csproj", "{2B73E2B3-6DC2-4C55-900E-79F7E753C745}"
EndProject
Project("{FAE04EC0-301F-11D3-BF4B-00C04F79EFBC}") = "WebApp.Tests", "WebApp.Tests\WebApp.Tests.csproj", "{D22AC84A-14EF-433E-B4B5-810C4077A6AF}"
EndProject
Global
	GlobalSection(SolutionConfigurationPlatforms) = preSolution
		Debug|Any CPU = Debug|Any CPU
		Release|Any CPU = Release|Any CPU
	EndGlobalSection
	GlobalSection(ProjectConfigurationPlatforms) = postSolution
		{C0375221-1B74-47FE-A0C3-738E8210B4B8}.Debug|Any CPU.ActiveCfg = Debug|Any CPU
		{C0375221-1B74-47FE-A0C3-738E8210B4B8}.Debug|Any CPU.Build.0 = Debug|Any CPU
		{C0375221-1B74-47FE-A0C3-738E8210B4B8}.Release|Any CPU.ActiveCfg = Release|Any CPU
		{C0375221-1B74-47FE-A0C3-738E8210B4B8}.Release|Any CPU.Build.0 = Release|Any CPU
		{259FA43C-17DE-4FEB-B0C7-F107B2EA67C9}.Debug|Any CPU.ActiveCfg = Debug|Any CPU
		{259FA43C-17DE-4FEB-B0C7-F107B2EA67C9}.Debug|Any CPU.Build.0 = Debug|Any CPU
		{259FA43C-17DE-4FEB-B0C7-F107B2EA67C9}.Release|Any CPU.ActiveCfg = Release|Any CPU
		{259FA43C-17DE-4FEB-B0C7-F107B2EA67C9}.Release|Any CPU.Build.0 = Release|Any CPU
		{2B73E2B3-6DC2-4C55-900E-79F7E753C745}.Debug|Any CPU.ActiveCfg = Debug|Any CPU
		{2B73E2B3-6DC2-4C55-900E-79F7E753C745}.Debug|Any CPU.Build.0 = Debug|Any CPU
		{2B73E2B3-6DC2-4C55-900E-79F7E753C745}.Release|Any CPU.ActiveCfg = Release|Any CPU
		{2B73E2B3-6DC2-4C55-900E-79F7E753C745}.Release|Any CPU.Build.0 = Release|Any CPU
		{D22AC84A-14EF-433E-B4B5-810C4077A6AF}.Debug|Any CPU.ActiveCfg = Debug|Any CPU
		{D22AC84A-14EF-433E-B4B5-810C4077A6AF}.Debug|Any CPU.Build.0 = Debug|Any CPU
		{D22AC84A-14EF-433E-B4B5-810C4077A6AF}.Release|Any CPU.ActiveCfg = Release|Any CPU
		{D22AC84A-14EF-433E-B4B5-810C4077A6AF}.Release|Any CPU.Build.0 = Release|Any CPU
	EndGlobalSection
	GlobalSection(SolutionProperties) = preSolution
		HideSolutionNode = FALSE
	EndGlobalSection
EndGlobal
